
Microsoft Visual Studio Solution File, Format Version 12.00
# Visual Studio Version 17
VisualStudioVersion = 17.1.32210.238
MinimumVisualStudioVersion = 10.0.40219.1
Project("{FAE04EC0-301F-11D3-BF4B-00C04F79EFBC}") = "Attribute", "Attribute.csproj", "{407CBF3A-6243-4240-BE99-5AED6C0BD309}"
EndProject
Global
	GlobalSection(SolutionConfigurationPlatforms) = preSolution
		Debug|Any CPU = Debug|Any CPU
		Release|Any CPU = Release|Any CPU
	EndGlobalSection
	GlobalSection(ProjectConfigurationPlatforms) = postSolution
		{407CBF3A-6243-4240-BE99-5AED6C0BD309}.Debug|Any CPU.ActiveCfg = Debug|Any CPU
		{407CBF3A-6243-4240-BE99-5AED6C0BD309}.Debug|Any CPU.Build.0 = Debug|Any CPU
		{407CBF3A-6243-4240-BE99-5AED6C0BD309}.Release|Any CPU.ActiveCfg = Release|Any CPU
		{407CBF3A-6243-4240-BE99-5AED6C0BD309}.Release|Any CPU.Build.0 = Release|Any CPU
	EndGlobalSection
	GlobalSection(SolutionProperties) = preSolution
		HideSolutionNode = FALSE
	EndGlobalSection
	GlobalSection(ExtensibilityGlobals) = postSolution
		SolutionGuid = {4C06B295-713A-4F46-82A8-F96D1F1E79BB}
	EndGlobalSection
EndGlobal
